
Microsoft Visual Studio Solution File, Format Version 12.00
# Visual Studio Version 16
VisualStudioVersion = 16.0.33214.272
MinimumVisualStudioVersion = 10.0.40219.1
Project("{FAE04EC0-301F-11D3-BF4B-00C04F79EFBC}") = "linker", "linker\linker.csproj", "{D9E9E6DE-F4B1-4CDF-89A9-3E4E224AC1F6}"
EndProject
Global
	GlobalSection(SolutionConfigurationPlatforms) = preSolution
		Debug|Any CPU = Debug|Any CPU
		Release|Any CPU = Release|Any CPU
	EndGlobalSection
	GlobalSection(ProjectConfigurationPlatforms) = postSolution
		{D9E9E6DE-F4B1-4CDF-89A9-3E4E224AC1F6}.Debug|Any CPU.ActiveCfg = Debug|Any CPU
		{D9E9E6DE-F4B1-4CDF-89A9-3E4E224AC1F6}.Debug|Any CPU.Build.0 = Debug|Any CPU
		{D9E9E6DE-F4B1-4CDF-89A9-3E4E224AC1F6}.Release|Any CPU.ActiveCfg = Release|Any CPU
		{D9E9E6DE-F4B1-4CDF-89A9-3E4E224AC1F6}.Release|Any CPU.Build.0 = Release|Any CPU
	EndGlobalSection
	GlobalSection(SolutionProperties) = preSolution
		HideSolutionNode = FALSE
	EndGlobalSection
	GlobalSection(ExtensibilityGlobals) = postSolution
		SolutionGuid = {04C40779-9A8B-44C0-97E7-1B8FF381B605}
	EndGlobalSection
EndGlobal
